// !$*UTF8*$!
{
	archiveVersion = 1;
	classes = {
	};
	objectVersion = 46;
	objects = {

/* Begin PBXBuildFile section */
		FF86097A1F6DDB1B00A38D90 /* CharacterExtensions.swift in Sources */ = {isa = PBXBuildFile; fileRef = FF8609731F6DDB0B00A38D90 /* CharacterExtensions.swift */; };
		FF86097B1F6DDB1B00A38D90 /* StringExtensions.swift in Sources */ = {isa = PBXBuildFile; fileRef = FF8609741F6DDB0B00A38D90 /* StringExtensions.swift */; };
		FF86097C1F6DDB1B00A38D90 /* Lexer.swift in Sources */ = {isa = PBXBuildFile; fileRef = FF8609761F6DDB0B00A38D90 /* Lexer.swift */; };
		FF86097D1F6DDB1B00A38D90 /* LexerError.swift in Sources */ = {isa = PBXBuildFile; fileRef = FF8609771F6DDB0B00A38D90 /* LexerError.swift */; };
		FF86097E1F6DDB1B00A38D90 /* Stream.swift in Sources */ = {isa = PBXBuildFile; fileRef = FF8609781F6DDB0B00A38D90 /* Stream.swift */; };
		FF86097F1F6DDB1B00A38D90 /* Token.swift in Sources */ = {isa = PBXBuildFile; fileRef = FF8609791F6DDB0B00A38D90 /* Token.swift */; };
		FF8609821F6DDB4D00A38D90 /* Expression.swift in Sources */ = {isa = PBXBuildFile; fileRef = FF8609811F6DDB4D00A38D90 /* Expression.swift */; };
		FF8609841F6DDE1C00A38D90 /* SequenceExtensions.swift in Sources */ = {isa = PBXBuildFile; fileRef = FF8609831F6DDE1C00A38D90 /* SequenceExtensions.swift */; };
		FFB231F41E66256A00BCF030 /* main.swift in Sources */ = {isa = PBXBuildFile; fileRef = FFB231F31E66256A00BCF030 /* main.swift */; };
/* End PBXBuildFile section */

/* Begin PBXCopyFilesBuildPhase section */
		FFB231EE1E66256A00BCF030 /* CopyFiles */ = {
			isa = PBXCopyFilesBuildPhase;
			buildActionMask = 2147483647;
			dstPath = /usr/share/man/man1/;
			dstSubfolderSpec = 0;
			files = (
			);
			runOnlyForDeploymentPostprocessing = 1;
		};
/* End PBXCopyFilesBuildPhase section */

/* Begin PBXFileReference section */
		FF8609731F6DDB0B00A38D90 /* CharacterExtensions.swift */ = {isa = PBXFileReference; lastKnownFileType = sourcecode.swift; path = CharacterExtensions.swift; sourceTree = "<group>"; };
		FF8609741F6DDB0B00A38D90 /* StringExtensions.swift */ = {isa = PBXFileReference; lastKnownFileType = sourcecode.swift; path = StringExtensions.swift; sourceTree = "<group>"; };
		FF8609761F6DDB0B00A38D90 /* Lexer.swift */ = {isa = PBXFileReference; lastKnownFileType = sourcecode.swift; path = Lexer.swift; sourceTree = "<group>"; };
		FF8609771F6DDB0B00A38D90 /* LexerError.swift */ = {isa = PBXFileReference; lastKnownFileType = sourcecode.swift; path = LexerError.swift; sourceTree = "<group>"; };
		FF8609781F6DDB0B00A38D90 /* Stream.swift */ = {isa = PBXFileReference; lastKnownFileType = sourcecode.swift; path = Stream.swift; sourceTree = "<group>"; };
		FF8609791F6DDB0B00A38D90 /* Token.swift */ = {isa = PBXFileReference; lastKnownFileType = sourcecode.swift; path = Token.swift; sourceTree = "<group>"; };
		FF8609811F6DDB4D00A38D90 /* Expression.swift */ = {isa = PBXFileReference; lastKnownFileType = sourcecode.swift; path = Expression.swift; sourceTree = "<group>"; };
		FF8609831F6DDE1C00A38D90 /* SequenceExtensions.swift */ = {isa = PBXFileReference; lastKnownFileType = sourcecode.swift; path = SequenceExtensions.swift; sourceTree = "<group>"; };
		FFB231F01E66256A00BCF030 /* Cobain */ = {isa = PBXFileReference; explicitFileType = "compiled.mach-o.executable"; includeInIndex = 0; path = Cobain; sourceTree = BUILT_PRODUCTS_DIR; };
		FFB231F31E66256A00BCF030 /* main.swift */ = {isa = PBXFileReference; lastKnownFileType = sourcecode.swift; path = main.swift; sourceTree = "<group>"; };
/* End PBXFileReference section */

/* Begin PBXFrameworksBuildPhase section */
		FFB231ED1E66256A00BCF030 /* Frameworks */ = {
			isa = PBXFrameworksBuildPhase;
			buildActionMask = 2147483647;
			files = (
			);
			runOnlyForDeploymentPostprocessing = 0;
		};
/* End PBXFrameworksBuildPhase section */

/* Begin PBXGroup section */
		FF8609721F6DDB0B00A38D90 /* Extensions */ = {
			isa = PBXGroup;
			children = (
				FF8609731F6DDB0B00A38D90 /* CharacterExtensions.swift */,
				FF8609741F6DDB0B00A38D90 /* StringExtensions.swift */,
				FF8609831F6DDE1C00A38D90 /* SequenceExtensions.swift */,
			);
			path = Extensions;
			sourceTree = "<group>";
		};
		FF8609751F6DDB0B00A38D90 /* Lexer */ = {
			isa = PBXGroup;
			children = (
				FF8609761F6DDB0B00A38D90 /* Lexer.swift */,
				FF8609771F6DDB0B00A38D90 /* LexerError.swift */,
				FF8609781F6DDB0B00A38D90 /* Stream.swift */,
				FF8609791F6DDB0B00A38D90 /* Token.swift */,
			);
			path = Lexer;
			sourceTree = "<group>";
		};
		FF8609801F6DDB2900A38D90 /* Parser */ = {
			isa = PBXGroup;
			children = (
				FF8609811F6DDB4D00A38D90 /* Expression.swift */,
			);
			path = Parser;
			sourceTree = "<group>";
		};
		FFB231E71E66256A00BCF030 = {
			isa = PBXGroup;
			children = (
				FFB231F21E66256A00BCF030 /* Cobain */,
				FFB231F11E66256A00BCF030 /* Products */,
			);
			sourceTree = "<group>";
		};
		FFB231F11E66256A00BCF030 /* Products */ = {
			isa = PBXGroup;
			children = (
				FFB231F01E66256A00BCF030 /* Cobain */,
			);
			name = Products;
			sourceTree = "<group>";
		};
		FFB231F21E66256A00BCF030 /* Cobain */ = {
			isa = PBXGroup;
			children = (
				FF8609801F6DDB2900A38D90 /* Parser */,
				FF8609721F6DDB0B00A38D90 /* Extensions */,
				FF8609751F6DDB0B00A38D90 /* Lexer */,
				FFB231F31E66256A00BCF030 /* main.swift */,
			);
			path = Cobain;
			sourceTree = "<group>";
		};
/* End PBXGroup section */

/* Begin PBXNativeTarget section */
		FFB231EF1E66256A00BCF030 /* Cobain */ = {
			isa = PBXNativeTarget;
			buildConfigurationList = FFB231F71E66256A00BCF030 /* Build configuration list for PBXNativeTarget "Cobain" */;
			buildPhases = (
				FFB231EC1E66256A00BCF030 /* Sources */,
				FFB231ED1E66256A00BCF030 /* Frameworks */,
				FFB231EE1E66256A00BCF030 /* CopyFiles */,
			);
			buildRules = (
			);
			dependencies = (
			);
			name = Cobain;
			productName = Cobain;
			productReference = FFB231F01E66256A00BCF030 /* Cobain */;
			productType = "com.apple.product-type.tool";
		};
/* End PBXNativeTarget section */

/* Begin PBXProject section */
		FFB231E81E66256A00BCF030 /* Project object */ = {
			isa = PBXProject;
			attributes = {
				LastSwiftUpdateCheck = 0820;
				LastUpgradeCheck = 0900;
				ORGANIZATIONNAME = "Alexandru Culeva";
				TargetAttributes = {
					FFB231EF1E66256A00BCF030 = {
						CreatedOnToolsVersion = 8.2.1;
						DevelopmentTeam = QE33WF5A23;
						LastSwiftMigration = 0900;
						ProvisioningStyle = Automatic;
					};
				};
			};
			buildConfigurationList = FFB231EB1E66256A00BCF030 /* Build configuration list for PBXProject "Cobain" */;
			compatibilityVersion = "Xcode 3.2";
			developmentRegion = English;
			hasScannedForEncodings = 0;
			knownRegions = (
				en,
			);
			mainGroup = FFB231E71E66256A00BCF030;
			productRefGroup = FFB231F11E66256A00BCF030 /* Products */;
			projectDirPath = "";
			projectRoot = "";
			targets = (
				FFB231EF1E66256A00BCF030 /* Cobain */,
			);
		};
/* End PBXProject section */

/* Begin PBXSourcesBuildPhase section */
		FFB231EC1E66256A00BCF030 /* Sources */ = {
			isa = PBXSourcesBuildPhase;
			buildActionMask = 2147483647;
			files = (
				FF86097B1F6DDB1B00A38D90 /* StringExtensions.swift in Sources */,
				FF8609841F6DDE1C00A38D90 /* SequenceExtensions.swift in Sources */,
				FF86097F1F6DDB1B00A38D90 /* Token.swift in Sources */,
				FF86097E1F6DDB1B00A38D90 /* Stream.swift in Sources */,
				FF8609821F6DDB4D00A38D90 /* Expression.swift in Sources */,
				FFB231F41E66256A00BCF030 /* main.swift in Sources */,
				FF86097C1F6DDB1B00A38D90 /* Lexer.swift in Sources */,
				FF86097A1F6DDB1B00A38D90 /* CharacterExtensions.swift in Sources */,
				FF86097D1F6DDB1B00A38D90 /* LexerError.swift in Sources */,
			);
			runOnlyForDeploymentPostprocessing = 0;
		};
/* End PBXSourcesBuildPhase section */

/* Begin XCBuildConfiguration section */
		FFB231F51E66256A00BCF030 /* Debug */ = {
			isa = XCBuildConfiguration;
			buildSettings = {
				ALWAYS_SEARCH_USER_PATHS = NO;
				CLANG_ANALYZER_NONNULL = YES;
				CLANG_CXX_LANGUAGE_STANDARD = "gnu++0x";
				CLANG_CXX_LIBRARY = "libc++";
				CLANG_ENABLE_MODULES = YES;
				CLANG_ENABLE_OBJC_ARC = YES;
				CLANG_WARN_BLOCK_CAPTURE_AUTORELEASING = YES;
				CLANG_WARN_BOOL_CONVERSION = YES;
				CLANG_WARN_COMMA = YES;
				CLANG_WARN_CONSTANT_CONVERSION = YES;
				CLANG_WARN_DIRECT_OBJC_ISA_USAGE = YES_ERROR;
				CLANG_WARN_DOCUMENTATION_COMMENTS = YES;
				CLANG_WARN_EMPTY_BODY = YES;
				CLANG_WARN_ENUM_CONVERSION = YES;
				CLANG_WARN_INFINITE_RECURSION = YES;
				CLANG_WARN_INT_CONVERSION = YES;
				CLANG_WARN_NON_LITERAL_NULL_CONVERSION = YES;
				CLANG_WARN_OBJC_LITERAL_CONVERSION = YES;
				CLANG_WARN_OBJC_ROOT_CLASS = YES_ERROR;
				CLANG_WARN_RANGE_LOOP_ANALYSIS = YES;
				CLANG_WARN_STRICT_PROTOTYPES = YES;
				CLANG_WARN_SUSPICIOUS_MOVE = YES;
				CLANG_WARN_UNREACHABLE_CODE = YES;
				CLANG_WARN__DUPLICATE_METHOD_MATCH = YES;
				CODE_SIGN_IDENTITY = "-";
				COPY_PHASE_STRIP = NO;
				DEBUG_INFORMATION_FORMAT = dwarf;
				ENABLE_STRICT_OBJC_MSGSEND = YES;
				ENABLE_TESTABILITY = YES;
				GCC_C_LANGUAGE_STANDARD = gnu99;
				GCC_DYNAMIC_NO_PIC = NO;
				GCC_NO_COMMON_BLOCKS = YES;
				GCC_OPTIMIZATION_LEVEL = 0;
				GCC_PREPROCESSOR_DEFINITIONS = (
					"DEBUG=1",
					"$(inherited)",
				);
				GCC_WARN_64_TO_32_BIT_CONVERSION = YES;
				GCC_WARN_ABOUT_RETURN_TYPE = YES_ERROR;
				GCC_WARN_UNDECLARED_SELECTOR = YES;
				GCC_WARN_UNINITIALIZED_AUTOS = YES_AGGRESSIVE;
				GCC_WARN_UNUSED_FUNCTION = YES;
				GCC_WARN_UNUSED_VARIABLE = YES;
				MACOSX_DEPLOYMENT_TARGET = 10.12;
				MTL_ENABLE_DEBUG_INFO = YES;
				ONLY_ACTIVE_ARCH = YES;
				SDKROOT = macosx;
				SWIFT_OPTIMIZATION_LEVEL = "-Onone";
			};
			name = Debug;
		};
		FFB231F61E66256A00BCF030 /* Release */ = {
			isa = XCBuildConfiguration;
			buildSettings = {
				ALWAYS_SEARCH_USER_PATHS = NO;
				CLANG_ANALYZER_NONNULL = YES;
				CLANG_CXX_LANGUAGE_STANDARD = "gnu++0x";
				CLANG_CXX_LIBRARY = "libc++";
				CLANG_ENABLE_MODULES = YES;
				CLANG_ENABLE_OBJC_ARC = YES;
				CLANG_WARN_BLOCK_CAPTURE_AUTORELEASING = YES;
				CLANG_WARN_BOOL_CONVERSION = YES;
				CLANG_WARN_COMMA = YES;
				CLANG_WARN_CONSTANT_CONVERSION = YES;
				CLANG_WARN_DIRECT_OBJC_ISA_USAGE = YES_ERROR;
				CLANG_WARN_DOCUMENTATION_COMMENTS = YES;
				CLANG_WARN_EMPTY_BODY = YES;
				CLANG_WARN_ENUM_CONVERSION = YES;
				CLANG_WARN_INFINITE_RECURSION = YES;
				CLANG_WARN_INT_CONVERSION = YES;
				CLANG_WARN_NON_LITERAL_NULL_CONVERSION = YES;
				CLANG_WARN_OBJC_LITERAL_CONVERSION = YES;
				CLANG_WARN_OBJC_ROOT_CLASS = YES_ERROR;
				CLANG_WARN_RANGE_LOOP_ANALYSIS = YES;
				CLANG_WARN_STRICT_PROTOTYPES = YES;
				CLANG_WARN_SUSPICIOUS_MOVE = YES;
				CLANG_WARN_UNREACHABLE_CODE = YES;
				CLANG_WARN__DUPLICATE_METHOD_MATCH = YES;
				CODE_SIGN_IDENTITY = "-";
				COPY_PHASE_STRIP = NO;
				DEBUG_INFORMATION_FORMAT = "dwarf-with-dsym";
				ENABLE_NS_ASSERTIONS = NO;
				ENABLE_STRICT_OBJC_MSGSEND = YES;
				GCC_C_LANGUAGE_STANDARD = gnu99;
				GCC_NO_COMMON_BLOCKS = YES;
				GCC_WARN_64_TO_32_BIT_CONVERSION = YES;
				GCC_WARN_ABOUT_RETURN_TYPE = YES_ERROR;
				GCC_WARN_UNDECLARED_SELECTOR = YES;
				GCC_WARN_UNINITIALIZED_AUTOS = YES_AGGRESSIVE;
				GCC_WARN_UNUSED_FUNCTION = YES;
				GCC_WARN_UNUSED_VARIABLE = YES;
				MACOSX_DEPLOYMENT_TARGET = 10.12;
				MTL_ENABLE_DEBUG_INFO = NO;
				SDKROOT = macosx;
				SWIFT_OPTIMIZATION_LEVEL = "-Owholemodule";
			};
			name = Release;
		};
		FFB231F81E66256A00BCF030 /* Debug */ = {
			isa = XCBuildConfiguration;
			buildSettings = {
				DEVELOPMENT_TEAM = QE33WF5A23;
				PRODUCT_NAME = "$(TARGET_NAME)";
				SWIFT_SWIFT3_OBJC_INFERENCE = Off;
				SWIFT_VERSION = 4.0;
			};
			name = Debug;
		};
		FFB231F91E66256A00BCF030 /* Release */ = {
			isa = XCBuildConfiguration;
			buildSettings = {
				DEVELOPMENT_TEAM = QE33WF5A23;
				PRODUCT_NAME = "$(TARGET_NAME)";
				SWIFT_SWIFT3_OBJC_INFERENCE = Off;
				SWIFT_VERSION = 4.0;
			};
			name = Release;
		};
/* End XCBuildConfiguration section */

/* Begin XCConfigurationList section */
		FFB231EB1E66256A00BCF030 /* Build configuration list for PBXProject "Cobain" */ = {
			isa = XCConfigurationList;
			buildConfigurations = (
				FFB231F51E66256A00BCF030 /* Debug */,
				FFB231F61E66256A00BCF030 /* Release */,
			);
			defaultConfigurationIsVisible = 0;
			defaultConfigurationName = Release;
		};
		FFB231F71E66256A00BCF030 /* Build configuration list for PBXNativeTarget "Cobain" */ = {
			isa = XCConfigurationList;
			buildConfigurations = (
				FFB231F81E66256A00BCF030 /* Debug */,
				FFB231F91E66256A00BCF030 /* Release */,
			);
			defaultConfigurationIsVisible = 0;
			defaultConfigurationName = Release;
		};
/* End XCConfigurationList section */
	};
	rootObject = FFB231E81E66256A00BCF030 /* Project object */;
}
